
Microsoft Visual Studio Solution File, Format Version 12.00
# Visual Studio Version 17
VisualStudioVersion = 17.7.34031.279
MinimumVisualStudioVersion = 10.0.40219.1
Project("{FAE04EC0-301F-11D3-BF4B-00C04F79EFBC}") = "WebApi", "WebApi\WebApi.csproj", "{EBB8BE1A-B66C-4BB3-A1AC-52370285B39B}"
EndProject
Global
	GlobalSection(SolutionConfigurationPlatforms) = preSolution
		Debug|Any CPU = Debug|Any CPU
		Release|Any CPU = Release|Any CPU
	EndGlobalSection
	GlobalSection(ProjectConfigurationPlatforms) = postSolution
		{EBB8BE1A-B66C-4BB3-A1AC-52370285B39B}.Debug|Any CPU.ActiveCfg = Debug|Any CPU
		{EBB8BE1A-B66C-4BB3-A1AC-52370285B39B}.Debug|Any CPU.Build.0 = Debug|Any CPU
		{EBB8BE1A-B66C-4BB3-A1AC-52370285B39B}.Release|Any CPU.ActiveCfg = Release|Any CPU
		{EBB8BE1A-B66C-4BB3-A1AC-52370285B39B}.Release|Any CPU.Build.0 = Release|Any CPU
	EndGlobalSection
	GlobalSection(SolutionProperties) = preSolution
		HideSolutionNode = FALSE
	EndGlobalSection
	GlobalSection(ExtensibilityGlobals) = postSolution
		SolutionGuid = {EF3C1BE2-F643-45C4-8CF7-994B70671011}
	EndGlobalSection
EndGlobal
